
Microsoft Visual Studio Solution File, Format Version 12.00
# Visual Studio Version 16
VisualStudioVersion = 16.0.31328.270
MinimumVisualStudioVersion = 10.0.40219.1
Project("{FAE04EC0-301F-11D3-BF4B-00C04F79EFBC}") = "SlotMachine", "SlotMachine\SlotMachine.csproj", "{73F1133A-981B-49C1-8E7A-3CFB4A91DFF7}"
EndProject
Global
	GlobalSection(SolutionConfigurationPlatforms) = preSolution
		Debug|Any CPU = Debug|Any CPU
		Release|Any CPU = Release|Any CPU
	EndGlobalSection
	GlobalSection(ProjectConfigurationPlatforms) = postSolution
		{73F1133A-981B-49C1-8E7A-3CFB4A91DFF7}.Debug|Any CPU.ActiveCfg = Debug|Any CPU
		{73F1133A-981B-49C1-8E7A-3CFB4A91DFF7}.Debug|Any CPU.Build.0 = Debug|Any CPU
		{73F1133A-981B-49C1-8E7A-3CFB4A91DFF7}.Release|Any CPU.ActiveCfg = Release|Any CPU
		{73F1133A-981B-49C1-8E7A-3CFB4A91DFF7}.Release|Any CPU.Build.0 = Release|Any CPU
	EndGlobalSection
	GlobalSection(SolutionProperties) = preSolution
		HideSolutionNode = FALSE
	EndGlobalSection
	GlobalSection(ExtensibilityGlobals) = postSolution
		SolutionGuid = {C48B70A9-E86D-48F8-B127-6E4E56A27717}
	EndGlobalSection
EndGlobal
